
Microsoft Visual Studio Solution File, Format Version 12.00
Project("{FAE04EC0-301F-11D3-BF4B-00C04F79EFBC}") = "Day01", "Day01\Day01.csproj", "{9235575F-27E5-438D-9A51-339272490052}"
EndProject
Project("{FAE04EC0-301F-11D3-BF4B-00C04F79EFBC}") = "Day02", "Day02\Day02.csproj", "{940BC363-573D-4CB2-B5AD-490A64A0845A}"
EndProject
Project("{FAE04EC0-301F-11D3-BF4B-00C04F79EFBC}") = "Day03", "Day03\Day03.csproj", "{23067844-FEA0-4AB5-B5AF-22DE7F73341C}"
EndProject
Project("{FAE04EC0-301F-11D3-BF4B-00C04F79EFBC}") = "Day04", "Day04\Day04.csproj", "{8108E80A-B4F5-4B46-9C79-06E6971987E2}"
EndProject
Project("{FAE04EC0-301F-11D3-BF4B-00C04F79EFBC}") = "Day05", "Day05\Day05.csproj", "{A17506AA-4312-4DB5-A4E6-2E7F099B3ECE}"
EndProject
Project("{FAE04EC0-301F-11D3-BF4B-00C04F79EFBC}") = "Day07", "Day07\Day07.csproj", "{858A04B6-909E-41D0-B4BA-DFC58ECEA0CE}"
EndProject
Project("{FAE04EC0-301F-11D3-BF4B-00C04F79EFBC}") = "Day08", "Day08\Day08.csproj", "{0994A465-48F4-4A86-8EDD-FE16208ED554}"
EndProject
Global
	GlobalSection(SolutionConfigurationPlatforms) = preSolution
		Debug|Any CPU = Debug|Any CPU
		Release|Any CPU = Release|Any CPU
	EndGlobalSection
	GlobalSection(ProjectConfigurationPlatforms) = postSolution
		{9235575F-27E5-438D-9A51-339272490052}.Debug|Any CPU.ActiveCfg = Debug|Any CPU
		{9235575F-27E5-438D-9A51-339272490052}.Debug|Any CPU.Build.0 = Debug|Any CPU
		{9235575F-27E5-438D-9A51-339272490052}.Release|Any CPU.ActiveCfg = Release|Any CPU
		{9235575F-27E5-438D-9A51-339272490052}.Release|Any CPU.Build.0 = Release|Any CPU
		{940BC363-573D-4CB2-B5AD-490A64A0845A}.Debug|Any CPU.ActiveCfg = Debug|Any CPU
		{940BC363-573D-4CB2-B5AD-490A64A0845A}.Debug|Any CPU.Build.0 = Debug|Any CPU
		{940BC363-573D-4CB2-B5AD-490A64A0845A}.Release|Any CPU.ActiveCfg = Release|Any CPU
		{940BC363-573D-4CB2-B5AD-490A64A0845A}.Release|Any CPU.Build.0 = Release|Any CPU
		{23067844-FEA0-4AB5-B5AF-22DE7F73341C}.Debug|Any CPU.ActiveCfg = Debug|Any CPU
		{23067844-FEA0-4AB5-B5AF-22DE7F73341C}.Debug|Any CPU.Build.0 = Debug|Any CPU
		{23067844-FEA0-4AB5-B5AF-22DE7F73341C}.Release|Any CPU.ActiveCfg = Release|Any CPU
		{23067844-FEA0-4AB5-B5AF-22DE7F73341C}.Release|Any CPU.Build.0 = Release|Any CPU
		{8108E80A-B4F5-4B46-9C79-06E6971987E2}.Debug|Any CPU.ActiveCfg = Debug|Any CPU
		{8108E80A-B4F5-4B46-9C79-06E6971987E2}.Debug|Any CPU.Build.0 = Debug|Any CPU
		{8108E80A-B4F5-4B46-9C79-06E6971987E2}.Release|Any CPU.ActiveCfg = Release|Any CPU
		{8108E80A-B4F5-4B46-9C79-06E6971987E2}.Release|Any CPU.Build.0 = Release|Any CPU
		{A17506AA-4312-4DB5-A4E6-2E7F099B3ECE}.Debug|Any CPU.ActiveCfg = Debug|Any CPU
		{A17506AA-4312-4DB5-A4E6-2E7F099B3ECE}.Debug|Any CPU.Build.0 = Debug|Any CPU
		{A17506AA-4312-4DB5-A4E6-2E7F099B3ECE}.Release|Any CPU.ActiveCfg = Release|Any CPU
		{A17506AA-4312-4DB5-A4E6-2E7F099B3ECE}.Release|Any CPU.Build.0 = Release|Any CPU
		{858A04B6-909E-41D0-B4BA-DFC58ECEA0CE}.Debug|Any CPU.ActiveCfg = Debug|Any CPU
		{858A04B6-909E-41D0-B4BA-DFC58ECEA0CE}.Debug|Any CPU.Build.0 = Debug|Any CPU
		{858A04B6-909E-41D0-B4BA-DFC58ECEA0CE}.Release|Any CPU.ActiveCfg = Release|Any CPU
		{858A04B6-909E-41D0-B4BA-DFC58ECEA0CE}.Release|Any CPU.Build.0 = Release|Any CPU
		{0994A465-48F4-4A86-8EDD-FE16208ED554}.Debug|Any CPU.ActiveCfg = Debug|Any CPU
		{0994A465-48F4-4A86-8EDD-FE16208ED554}.Debug|Any CPU.Build.0 = Debug|Any CPU
		{0994A465-48F4-4A86-8EDD-FE16208ED554}.Release|Any CPU.ActiveCfg = Release|Any CPU
		{0994A465-48F4-4A86-8EDD-FE16208ED554}.Release|Any CPU.Build.0 = Release|Any CPU
	EndGlobalSection
EndGlobal
